<?xml version="1.0" encoding="utf-8"?>
<Project ToolsVersion="4.0" xmlns="http://schemas.microsoft.com/developer/msbuild/2003">
  <ItemGroup>
    <Filter Include="Исходные файлы">
      <UniqueIdentifier>{4FC737F1-C7A5-4376-A066-2A32D752A2FF}</UniqueIdentifier>
      <Extensions>cpp;c;cc;cxx;c++;def;odl;idl;hpj;bat;asm;asmx</Extensions>
    </Filter>
    <Filter Include="Файлы заголовков">
      <UniqueIdentifier>{93995380-89BD-4b04-88EB-625FBE52EBFB}</UniqueIdentifier>
      <Extensions>h;hh;hpp;hxx;h++;hm;inl;inc;ipp;xsd</Extensions>
    </Filter>
    <Filter Include="Файлы ресурсов">
      <UniqueIdentifier>{67DA6AB6-F800-4c08-8B7A-83BB121AAD01}</UniqueIdentifier>
      <Extensions>rc;ico;cur;bmp;dlg;rc2;rct;bin;rgs;gif;jpg;jpeg;jpe;resx;tiff;tif;png;wav;mfcribbon-ms</Extensions>
    </Filter>
    <Filter Include="Категории слов">
      <UniqueIdentifier>{c57f3e73-dc70-4caa-8b5a-7e4b88587c3a}</UniqueIdentifier>
    </Filter>
    <Filter Include="Категории слов\Файлы заголовков">
      <UniqueIdentifier>{ef6e19fe-473a-4e20-8720-97a5bc5ae826}</UniqueIdentifier>
    </Filter>
    <Filter Include="Категории слов\Исходные файлы">
      <UniqueIdentifier>{76b95721-e90d-41e3-aecd-485764e60c33}</UniqueIdentifier>
    </Filter>
  </ItemGroup>
  <ItemGroup>
    <ClCompile Include="Main file.cpp">
      <Filter>Исходные файлы</Filter>
    </ClCompile>
    <ClCompile Include="Functions.cpp">
      <Filter>Исходные файлы</Filter>
    </ClCompile>
    <ClCompile Include="Food category.cpp">
      <Filter>Категории слов\Исходные файлы</Filter>
    </ClCompile>
    <ClCompile Include="Category functions.cpp">
      <Filter>Категории слов\Исходные файлы</Filter>
    </ClCompile>
    <ClCompile Include="Sport category.cpp">
      <Filter>Категории слов\Исходные файлы</Filter>
    </ClCompile>
    <ClCompile Include="..\..\..\Игра Виселица\Игра Виселица\Start game function.cpp">
      <Filter>Категории слов\Исходные файлы</Filter>
    </ClCompile>
  </ItemGroup>
  <ItemGroup>
    <ClInclude Include="Functions.h">
      <Filter>Файлы заголовков</Filter>
    </ClInclude>
    <ClInclude Include="Food category.h">
      <Filter>Категории слов</Filter>
    </ClInclude>
    <ClInclude Include="Category functions.h">
      <Filter>Категории слов</Filter>
    </ClInclude>
    <ClInclude Include="Sport category.h">
      <Filter>Категории слов</Filter>
    </ClInclude>
    <ClInclude Include="Libraries for categories.h">
      <Filter>Категории слов\Файлы заголовков</Filter>
    </ClInclude>
    <ClInclude Include="Functions for categories.h">
      <Filter>Категории слов\Файлы заголовков</Filter>
    </ClInclude>
    <ClInclude Include="Start game functions.h">
      <Filter>Категории слов\Файлы заголовков</Filter>
    </ClInclude>
  </ItemGroup>
</Project>